{
  "version": "5",
  "remote": {
    "https://deno.land/std@0.214.0/assert/assert.ts": "bec068b2fccdd434c138a555b19a2c2393b71dfaada02b7d568a01541e67cdc5",
    "https://deno.land/std@0.214.0/assert/assertion_error.ts": "9f689a101ee586c4ce92f52fa7ddd362e86434ffdf1f848e45987dc7689976b8",
    "https://deno.land/std@0.214.0/async/delay.ts": "8e1d18fe8b28ff95885e2bc54eccec1713f57f756053576d8228e6ca110793ad",
    "https://deno.land/std@0.214.0/bytes/copy.ts": "f29c03168853720dfe82eaa57793d0b9e3543ebfe5306684182f0f1e3bfd422a",
    "https://deno.land/std@0.214.0/crypto/_fnv/fnv32.ts": "ba2c5ef976b9f047d7ce2d33dfe18671afc75154bcf20ef89d932b2fe8820535",
    "https://deno.land/std@0.214.0/crypto/_fnv/fnv64.ts": "580cadfe2ff333fe253d15df450f927c8ac7e408b704547be26aab41b5772558",
    "https://deno.land/std@0.214.0/crypto/_fnv/mod.ts": "8dbb60f062a6e77b82f7a62ac11fabfba52c3cd408c21916b130d8f57a880f96",
    "https://deno.land/std@0.214.0/crypto/_fnv/util.ts": "27b36ce3440d0a180af6bf1cfc2c326f68823288540a354dc1d636b781b9b75f",
    "https://deno.land/std@0.214.0/crypto/_wasm/lib/deno_std_wasm_crypto.generated.mjs": "76c727912539737def4549bb62a96897f37eb334b979f49c57b8af7a1617635e",
    "https://deno.land/std@0.214.0/crypto/_wasm/mod.ts": "c55f91473846827f077dfd7e5fc6e2726dee5003b6a5747610707cdc638a22ba",
    "https://deno.land/std@0.214.0/crypto/crypto.ts": "4448f8461c797adba8d70a2c60f7795a546d7a0926e96366391bffdd06491c16",
    "https://deno.land/std@0.214.0/datetime/_common.ts": "a62214c1924766e008e27d3d843ceba4b545dc2aa9880de0ecdef9966d5736b6",
    "https://deno.land/std@0.214.0/datetime/parse.ts": "bb248bbcb3cd54bcaf504a1ee670fc4695e429d9019c06af954bbe2bcb8f1d02",
    "https://deno.land/std@0.214.0/encoding/_util.ts": "beacef316c1255da9bc8e95afb1fa56ed69baef919c88dc06ae6cb7a6103d376",
    "https://deno.land/std@0.214.0/encoding/base64.ts": "96e61a556d933201266fea84ae500453293f2aff130057b579baafda096a96bc",
    "https://deno.land/std@0.214.0/encoding/hex.ts": "4d47d3b25103cf81a2ed38f54b394d39a77b63338e1eaa04b70c614cb45ec2e6",
    "https://deno.land/std@0.214.0/fmt/colors.ts": "aeaee795471b56fc62a3cb2e174ed33e91551b535f44677f6320336aabb54fbb",
    "https://deno.land/std@0.214.0/io/buf_reader.ts": "c73aad99491ee6db3d6b001fa4a780e9245c67b9296f5bad9c0fa7384e35d47a",
    "https://deno.land/std@0.214.0/io/buf_writer.ts": "f82f640c8b3a820f600a8da429ad0537037c7d6a78426bbca2396fb1f75d3ef4",
    "https://deno.land/std@0.214.0/io/types.ts": "748bbb3ac96abda03594ef5a0db15ce5450dcc6c0d841c8906f8b10ac8d32c96",
    "https://deno.land/std@0.214.0/path/_common/assert_path.ts": "2ca275f36ac1788b2acb60fb2b79cb06027198bc2ba6fb7e163efaedde98c297",
    "https://deno.land/std@0.214.0/path/_common/basename.ts": "569744855bc8445f3a56087fd2aed56bdad39da971a8d92b138c9913aecc5fa2",
    "https://deno.land/std@0.214.0/path/_common/common.ts": "6157c7ec1f4db2b4a9a187efd6ce76dcaf1e61cfd49f87e40d4ea102818df031",
    "https://deno.land/std@0.214.0/path/_common/constants.ts": "dc5f8057159f4b48cd304eb3027e42f1148cf4df1fb4240774d3492b5d12ac0c",
    "https://deno.land/std@0.214.0/path/_common/dirname.ts": "684df4aa71a04bbcc346c692c8485594fc8a90b9408dfbc26ff32cf3e0c98cc8",
    "https://deno.land/std@0.214.0/path/_common/format.ts": "92500e91ea5de21c97f5fe91e178bae62af524b72d5fcd246d6d60ae4bcada8b",
    "https://deno.land/std@0.214.0/path/_common/from_file_url.ts": "d672bdeebc11bf80e99bf266f886c70963107bdd31134c4e249eef51133ceccf",
    "https://deno.land/std@0.214.0/path/_common/glob_to_reg_exp.ts": "2007aa87bed6eb2c8ae8381adcc3125027543d9ec347713c1ad2c68427330770",
    "https://deno.land/std@0.214.0/path/_common/normalize.ts": "684df4aa71a04bbcc346c692c8485594fc8a90b9408dfbc26ff32cf3e0c98cc8",
    "https://deno.land/std@0.214.0/path/_common/normalize_string.ts": "dfdf657a1b1a7db7999f7c575ee7e6b0551d9c20f19486c6c3f5ff428384c965",
    "https://deno.land/std@0.214.0/path/_common/relative.ts": "faa2753d9b32320ed4ada0733261e3357c186e5705678d9dd08b97527deae607",
    "https://deno.land/std@0.214.0/path/_common/strip_trailing_separators.ts": "7024a93447efcdcfeaa9339a98fa63ef9d53de363f1fbe9858970f1bba02655a",
    "https://deno.land/std@0.214.0/path/_common/to_file_url.ts": "7f76adbc83ece1bba173e6e98a27c647712cab773d3f8cbe0398b74afc817883",
    "https://deno.land/std@0.214.0/path/_interface.ts": "a1419fcf45c0ceb8acdccc94394e3e94f99e18cfd32d509aab514c8841799600",
    "https://deno.land/std@0.214.0/path/_os.ts": "8fb9b90fb6b753bd8c77cfd8a33c2ff6c5f5bc185f50de8ca4ac6a05710b2c15",
    "https://deno.land/std@0.214.0/path/basename.ts": "5d341aadb7ada266e2280561692c165771d071c98746fcb66da928870cd47668",
    "https://deno.land/std@0.214.0/path/common.ts": "03e52e22882402c986fe97ca3b5bb4263c2aa811c515ce84584b23bac4cc2643",
    "https://deno.land/std@0.214.0/path/constants.ts": "0c206169ca104938ede9da48ac952de288f23343304a1c3cb6ec7625e7325f36",
    "https://deno.land/std@0.214.0/path/dirname.ts": "85bd955bf31d62c9aafdd7ff561c4b5fb587d11a9a5a45e2b01aedffa4238a7c",
    "https://deno.land/std@0.214.0/path/extname.ts": "593303db8ae8c865cbd9ceec6e55d4b9ac5410c1e276bfd3131916591b954441",
    "https://deno.land/std@0.214.0/path/format.ts": "98fad25f1af7b96a48efb5b67378fcc8ed77be895df8b9c733b86411632162af",
    "https://deno.land/std@0.214.0/path/from_file_url.ts": "911833ae4fd10a1c84f6271f36151ab785955849117dc48c6e43b929504ee069",
    "https://deno.land/std@0.214.0/path/glob_to_regexp.ts": "83c5fd36a8c86f5e72df9d0f45317f9546afa2ce39acaafe079d43a865aced08",
    "https://deno.land/std@0.214.0/path/is_absolute.ts": "4791afc8bfd0c87f0526eaa616b0d16e7b3ab6a65b62942e50eac68de4ef67d7",
    "https://deno.land/std@0.214.0/path/is_glob.ts": "a65f6195d3058c3050ab905705891b412ff942a292bcbaa1a807a74439a14141",
    "https://deno.land/std@0.214.0/path/join.ts": "ae2ec5ca44c7e84a235fd532e4a0116bfb1f2368b394db1c4fb75e3c0f26a33a",
    "https://deno.land/std@0.214.0/path/join_globs.ts": "e9589869a33dc3982101898ee50903db918ca00ad2614dbe3934d597d7b1fbea",
    "https://deno.land/std@0.214.0/path/mod.ts": "ffeaccb713dbe6c72e015b7c767f753f8ec5fbc3b621ff5eeee486ffc2c0ddda",
    "https://deno.land/std@0.214.0/path/normalize.ts": "4155743ccceeed319b350c1e62e931600272fad8ad00c417b91df093867a8352",
    "https://deno.land/std@0.214.0/path/normalize_glob.ts": "98ee8268fad271193603271c203ae973280b5abfbdd2cbca1053fd2af71869ca",
    "https://deno.land/std@0.214.0/path/parse.ts": "65e8e285f1a63b714e19ef24b68f56e76934c3df0b6e65fd440d3991f4f8aefb",
    "https://deno.land/std@0.214.0/path/posix/_util.ts": "1e3937da30f080bfc99fe45d7ed23c47dd8585c5e473b2d771380d3a6937cf9d",
    "https://deno.land/std@0.214.0/path/posix/basename.ts": "39ee27a29f1f35935d3603ccf01d53f3d6e0c5d4d0f84421e65bd1afeff42843",
    "https://deno.land/std@0.214.0/path/posix/common.ts": "26f60ccc8b2cac3e1613000c23ac5a7d392715d479e5be413473a37903a2b5d4",
    "https://deno.land/std@0.214.0/path/posix/constants.ts": "93481efb98cdffa4c719c22a0182b994e5a6aed3047e1962f6c2c75b7592bef1",
    "https://deno.land/std@0.214.0/path/posix/dirname.ts": "6535d2bdd566118963537b9dda8867ba9e2a361015540dc91f5afbb65c0cce8b",
    "https://deno.land/std@0.214.0/path/posix/extname.ts": "8d36ae0082063c5e1191639699e6f77d3acf501600a3d87b74943f0ae5327427",
    "https://deno.land/std@0.214.0/path/posix/format.ts": "185e9ee2091a42dd39e2a3b8e4925370ee8407572cee1ae52838aed96310c5c1",
    "https://deno.land/std@0.214.0/path/posix/from_file_url.ts": "951aee3a2c46fd0ed488899d024c6352b59154c70552e90885ed0c2ab699bc40",
    "https://deno.land/std@0.214.0/path/posix/glob_to_regexp.ts": "54d3ff40f309e3732ab6e5b19d7111d2d415248bcd35b67a99defcbc1972e697",
    "https://deno.land/std@0.214.0/path/posix/is_absolute.ts": "cebe561ad0ae294f0ce0365a1879dcfca8abd872821519b4fcc8d8967f888ede",
    "https://deno.land/std@0.214.0/path/posix/is_glob.ts": "8a8b08c08bf731acf2c1232218f1f45a11131bc01de81e5f803450a5914434b9",
    "https://deno.land/std@0.214.0/path/posix/join.ts": "aef88d5fa3650f7516730865dbb951594d1a955b785e2450dbee93b8e32694f3",
    "https://deno.land/std@0.214.0/path/posix/join_globs.ts": "ee2f4676c5b8a0dfa519da58b8ade4d1c4aa8dd3fe35619edec883ae9df1f8c9",
    "https://deno.land/std@0.214.0/path/posix/mod.ts": "563a18c2b3ddc62f3e4a324ff0f583e819b8602a72ad880cb98c9e2e34f8db5b",
    "https://deno.land/std@0.214.0/path/posix/normalize.ts": "baeb49816a8299f90a0237d214cef46f00ba3e95c0d2ceb74205a6a584b58a91",
    "https://deno.land/std@0.214.0/path/posix/normalize_glob.ts": "65f0138fa518ef9ece354f32889783fc38cdf985fb02dcf1c3b14fa47d665640",
    "https://deno.land/std@0.214.0/path/posix/parse.ts": "d5bac4eb21262ab168eead7e2196cb862940c84cee572eafedd12a0d34adc8fb",
    "https://deno.land/std@0.214.0/path/posix/relative.ts": "3907d6eda41f0ff723d336125a1ad4349112cd4d48f693859980314d5b9da31c",
    "https://deno.land/std@0.214.0/path/posix/resolve.ts": "bac20d9921beebbbb2b73706683b518b1d0c1b1da514140cee409e90d6b2913a",
    "https://deno.land/std@0.214.0/path/posix/separator.ts": "c9ecae5c843170118156ac5d12dc53e9caf6a1a4c96fc8b1a0ab02dff5c847b0",
    "https://deno.land/std@0.214.0/path/posix/to_file_url.ts": "7aa752ba66a35049e0e4a4be5a0a31ac6b645257d2e031142abb1854de250aaf",
    "https://deno.land/std@0.214.0/path/posix/to_namespaced_path.ts": "28b216b3c76f892a4dca9734ff1cc0045d135532bfd9c435ae4858bfa5a2ebf0",
    "https://deno.land/std@0.214.0/path/relative.ts": "ab739d727180ed8727e34ed71d976912461d98e2b76de3d3de834c1066667add",
    "https://deno.land/std@0.214.0/path/resolve.ts": "a6f977bdb4272e79d8d0ed4333e3d71367cc3926acf15ac271f1d059c8494d8d",
    "https://deno.land/std@0.214.0/path/separator.ts": "c6c890507f944a1f5cb7d53b8d638d6ce3cf0f34609c8d84a10c1eaa400b77a9",
    "https://deno.land/std@0.214.0/path/to_file_url.ts": "88f049b769bce411e2d2db5bd9e6fd9a185a5fbd6b9f5ad8f52bef517c4ece1b",
    "https://deno.land/std@0.214.0/path/to_namespaced_path.ts": "b706a4103b104cfadc09600a5f838c2ba94dbcdb642344557122dda444526e40",
    "https://deno.land/std@0.214.0/path/windows/_util.ts": "d5f47363e5293fced22c984550d5e70e98e266cc3f31769e1710511803d04808",
    "https://deno.land/std@0.214.0/path/windows/basename.ts": "e2dbf31d1d6385bfab1ce38c333aa290b6d7ae9e0ecb8234a654e583cf22f8fe",
    "https://deno.land/std@0.214.0/path/windows/common.ts": "26f60ccc8b2cac3e1613000c23ac5a7d392715d479e5be413473a37903a2b5d4",
    "https://deno.land/std@0.214.0/path/windows/constants.ts": "5afaac0a1f67b68b0a380a4ef391bf59feb55856aa8c60dfc01bd3b6abb813f5",
    "https://deno.land/std@0.214.0/path/windows/dirname.ts": "33e421be5a5558a1346a48e74c330b8e560be7424ed7684ea03c12c21b627bc9",
    "https://deno.land/std@0.214.0/path/windows/extname.ts": "165a61b00d781257fda1e9606a48c78b06815385e7d703232548dbfc95346bef",
    "https://deno.land/std@0.214.0/path/windows/format.ts": "bbb5ecf379305b472b1082cd2fdc010e44a0020030414974d6029be9ad52aeb6",
    "https://deno.land/std@0.214.0/path/windows/from_file_url.ts": "ced2d587b6dff18f963f269d745c4a599cf82b0c4007356bd957cb4cb52efc01",
    "https://deno.land/std@0.214.0/path/windows/glob_to_regexp.ts": "6dcd1242bd8907aa9660cbdd7c93446e6927b201112b0cba37ca5d80f81be51b",
    "https://deno.land/std@0.214.0/path/windows/is_absolute.ts": "4a8f6853f8598cf91a835f41abed42112cebab09478b072e4beb00ec81f8ca8a",
    "https://deno.land/std@0.214.0/path/windows/is_glob.ts": "8a8b08c08bf731acf2c1232218f1f45a11131bc01de81e5f803450a5914434b9",
    "https://deno.land/std@0.214.0/path/windows/join.ts": "e0b3356615c1a75c56ebb6a7311157911659e11fd533d80d724800126b761ac3",
    "https://deno.land/std@0.214.0/path/windows/join_globs.ts": "ee2f4676c5b8a0dfa519da58b8ade4d1c4aa8dd3fe35619edec883ae9df1f8c9",
    "https://deno.land/std@0.214.0/path/windows/mod.ts": "7d6062927bda47c47847ffb55d8f1a37b0383840aee5c7dfc93984005819689c",
    "https://deno.land/std@0.214.0/path/windows/normalize.ts": "78126170ab917f0ca355a9af9e65ad6bfa5be14d574c5fb09bb1920f52577780",
    "https://deno.land/std@0.214.0/path/windows/normalize_glob.ts": "179c86ba89f4d3fe283d2addbe0607341f79ee9b1ae663abcfb3439db2e97810",
    "https://deno.land/std@0.214.0/path/windows/parse.ts": "b9239edd892a06a06625c1b58425e199f018ce5649ace024d144495c984da734",
    "https://deno.land/std@0.214.0/path/windows/relative.ts": "3e1abc7977ee6cc0db2730d1f9cb38be87b0ce4806759d271a70e4997fc638d7",
    "https://deno.land/std@0.214.0/path/windows/resolve.ts": "75b2e3e1238d840782cee3d8864d82bfaa593c7af8b22f19c6422cf82f330ab3",
    "https://deno.land/std@0.214.0/path/windows/separator.ts": "e51c5522140eff4f8402617c5c68a201fdfa3a1a8b28dc23587cff931b665e43",
    "https://deno.land/std@0.214.0/path/windows/to_file_url.ts": "1cd63fd35ec8d1370feaa4752eccc4cc05ea5362a878be8dc7db733650995484",
    "https://deno.land/std@0.214.0/path/windows/to_namespaced_path.ts": "4ffa4fb6fae321448d5fe810b3ca741d84df4d7897e61ee29be961a6aac89a4c",
    "https://deno.land/x/postgres@v0.19.3/client.ts": "d141c65c20484c545a1119c9af7a52dcc24f75c1a5633de2b9617b0f4b2ed5c1",
    "https://deno.land/x/postgres@v0.19.3/client/error.ts": "05b0e35d65caf0ba21f7f6fab28c0811da83cd8b4897995a2f411c2c83391036",
    "https://deno.land/x/postgres@v0.19.3/connection/auth.ts": "db15c1659742ef4d2791b32834950278dc7a40cb931f8e434e6569298e58df51",
    "https://deno.land/x/postgres@v0.19.3/connection/connection.ts": "198a0ecf92a0d2aa72db3bb88b8f412d3b1f6b87d464d5f7bff9aa3b6aff8370",
    "https://deno.land/x/postgres@v0.19.3/connection/connection_params.ts": "463d7a9ed559f537a55d6928cab62e1c31b808d08cd0411b6ae461d0c0183c93",
    "https://deno.land/x/postgres@v0.19.3/connection/message.ts": "20da5d80fc4d7ddb7b850083e0b3fa8734eb26642221dad89c62e27d78e57a4d",
    "https://deno.land/x/postgres@v0.19.3/connection/message_code.ts": "12bcb110df6945152f9f6c63128786558d7ad1e61006920daaa16ef85b3bab7d",
    "https://deno.land/x/postgres@v0.19.3/connection/packet.ts": "050aeff1fc13c9349e89451a155ffcd0b1343dc313a51f84439e3e45f64b56c8",
    "https://deno.land/x/postgres@v0.19.3/connection/scram.ts": "532d4d58b565a2ab48fb5e1e14dc9bfb3bb283d535011e371e698eb4a89dd994",
    "https://deno.land/x/postgres@v0.19.3/debug.ts": "8add17699191f11e6830b8c95d9de25857d221bb2cf6c4ae22254d395895c1f9",
    "https://deno.land/x/postgres@v0.19.3/deps.ts": "c312038fe64b8368f8a294119f11d8f235fe67de84d7c3b0ef67b3a56628171a",
    "https://deno.land/x/postgres@v0.19.3/mod.ts": "4930c7b44f8d16ea71026f7e3ef22a2322d84655edceacd55f7461a9218d8560",
    "https://deno.land/x/postgres@v0.19.3/pool.ts": "2289f029e7a3bd3d460d4faa71399a920b7406c92a97c0715d6e31dbf1380ec3",
    "https://deno.land/x/postgres@v0.19.3/query/array_parser.ts": "ff72d3e026e3022a1a223a6530be5663f8ebbd911ed978291314e7fe6c2f2464",
    "https://deno.land/x/postgres@v0.19.3/query/decode.ts": "3e89ad2a662eab66a4f4e195ff0924d71d199af3c2f5637d1ae650301a03fa9b",
    "https://deno.land/x/postgres@v0.19.3/query/decoders.ts": "6a73da1024086ab91e233648c850dccbde59248b90d87054bbbd7f0bf4a50681",
    "https://deno.land/x/postgres@v0.19.3/query/encode.ts": "5b1c305bc7352a6f9fe37f235dddfc23e26419c77a133b4eaea42cf136481aa6",
    "https://deno.land/x/postgres@v0.19.3/query/oid.ts": "21fc714ac212350ba7df496f88ea9e01a4ee0458911d0f2b6a81498e12e7af4c",
    "https://deno.land/x/postgres@v0.19.3/query/query.ts": "510f9a27da87ed7b31b5cbcd14bf3028b441ac2ddc368483679d0b86a9d9f213",
    "https://deno.land/x/postgres@v0.19.3/query/transaction.ts": "8f4eef68f8e9b4be216199404315e6e08fe1fe98afb2e640bffd077662f79678",
    "https://deno.land/x/postgres@v0.19.3/query/types.ts": "540f6f973d493d63f2c0059a09f3368071f57931bba68bea408a635a3e0565d6",
    "https://deno.land/x/postgres@v0.19.3/utils/deferred.ts": "5420531adb6c3ea29ca8aac57b9b59bd3e4b9a938a4996bbd0947a858f611080",
    "https://deno.land/x/postgres@v0.19.3/utils/utils.ts": "ca47193ea03ff5b585e487a06f106d367e509263a960b787197ce0c03113a738",
    "https://esm.sh/jose@5.10.0": "43705c1f40e5191081bcac2851ad8265f03c23bf751f9b84260ac2874f8ce209",
    "https://esm.sh/jose@5.10.0/denonext/base64url.mjs": "539aace7c49b2261745da4ec543d941618d11a294c4e7799d6face203aebfc45",
    "https://esm.sh/jose@5.10.0/denonext/decode/protected_header.mjs": "73ce892cbc903722e5628006b329d836d29af384eeb99e18f4e8ad3888d5c241",
    "https://esm.sh/jose@5.10.0/denonext/dist/browser/jwt/produce.mjs": "72409fb814f902126eeca273e6c6855685ab0715f2ef95a5f61b29015862472b",
    "https://esm.sh/jose@5.10.0/denonext/dist/browser/lib/aesgcmkw.mjs": "c0363171d95389f30ed6a8de16fdb3c8f123e1d7cb92f39011393c1038faf044",
    "https://esm.sh/jose@5.10.0/denonext/dist/browser/lib/buffer_utils.mjs": "2b23cfebda877dbfc41c9a69438a158ffb31731d97308baa01621d73ef959f2b",
    "https://esm.sh/jose@5.10.0/denonext/dist/browser/lib/cek.mjs": "85c4e75e70bb1da9960b6825e1bf985eb37881d7d23fa76e2bc2efb8ca071812",
    "https://esm.sh/jose@5.10.0/denonext/dist/browser/lib/check_iv_length.mjs": "38783fdf60c458e435a42e588da9d4097fd2d096d92129673674da037d1defd8",
    "https://esm.sh/jose@5.10.0/denonext/dist/browser/lib/check_key_type.mjs": "9d4b6990a0b8523681db4cef0bde67b957ef6f29f5708ce871225eb6f24d4e63",
    "https://esm.sh/jose@5.10.0/denonext/dist/browser/lib/crypto_key.mjs": "59dc27357c645bbe213439acee0ef9ad481bd9ed751041ebe8801a108431aa00",
    "https://esm.sh/jose@5.10.0/denonext/dist/browser/lib/encrypt_key_management.mjs": "35dd301ef6820956d2f5668d92786764dcbb459fae1136d5d11dae3d839a2e9d",
    "https://esm.sh/jose@5.10.0/denonext/dist/browser/lib/epoch.mjs": "b594e6e3d563fd8b437b924b8738ce883d5d4fc1126dfd0ca230fd5c0fae02e8",
    "https://esm.sh/jose@5.10.0/denonext/dist/browser/lib/invalid_key_input.mjs": "19a65328e952d4031c09c1315abe803ea1fdc9934f0fa4f455379bc3c072921a",
    "https://esm.sh/jose@5.10.0/denonext/dist/browser/lib/is_disjoint.mjs": "85ebfe6f46e0feb55cd79e41626717594b2f1e997d54c9a66a255998b626bc51",
    "https://esm.sh/jose@5.10.0/denonext/dist/browser/lib/is_jwk.mjs": "12240833a4979333cb4f8fad5f065c7cb9fff1d5e4d589a073ec99bdf2fc234d",
    "https://esm.sh/jose@5.10.0/denonext/dist/browser/lib/is_object.mjs": "a477fb6116adc68383ea964f6e9b5542427e7638d192a23e93a683c5797ab387",
    "https://esm.sh/jose@5.10.0/denonext/dist/browser/lib/iv.mjs": "3edfe59dfc97f12b3fff5535f95f0bf690d6dd1bd0140baf7a86d705313f09c2",
    "https://esm.sh/jose@5.10.0/denonext/dist/browser/lib/jwt_claims_set.mjs": "67658e0bde825ea75aeecb740e34cee41b754ed0092b25f6a4e822d9d06f3d92",
    "https://esm.sh/jose@5.10.0/denonext/dist/browser/lib/private_symbols.mjs": "5c8542caf07cd0e88f442c3cf16bf67b74108b8fa10f93f41141840fed183af9",
    "https://esm.sh/jose@5.10.0/denonext/dist/browser/lib/secs.mjs": "aaab2389b4a39d7cdd422908aa1f60fb93b075df47acab0c4f42838ccca23c81",
    "https://esm.sh/jose@5.10.0/denonext/dist/browser/lib/validate_algorithms.mjs": "095384ff18fb772f980bdb504474dfe87a5ec02730d5c510d59ef2d95e5efd06",
    "https://esm.sh/jose@5.10.0/denonext/dist/browser/lib/validate_crit.mjs": "176fa8b63805db36ef0eaa7490eef27c43352eec53ac2843920ab7b353282809",
    "https://esm.sh/jose@5.10.0/denonext/dist/browser/runtime/aeskw.mjs": "1ca307484491e42a7cd7be95f9a3a9a6504d433f4920f1a611f3faeb27ab9848",
    "https://esm.sh/jose@5.10.0/denonext/dist/browser/runtime/asn1.mjs": "71e4c6e67ed71454ad786e5ba25f1ed0634c527d1ef15f053116927828b9ed5b",
    "https://esm.sh/jose@5.10.0/denonext/dist/browser/runtime/base64url.mjs": "32bb04a70098ab611900258e09901161e0022265a4ff09c1f6a585f0d0dfe308",
    "https://esm.sh/jose@5.10.0/denonext/dist/browser/runtime/bogus.mjs": "26b5a2bace42941799dcb891f5676678bb2017ab64778e94923fe71a040d1719",
    "https://esm.sh/jose@5.10.0/denonext/dist/browser/runtime/check_cek_length.mjs": "b1511d0ecbc2bf90a8b50ebe9baa15eab169dfa3d3ad3a2a556474a69cb2a344",
    "https://esm.sh/jose@5.10.0/denonext/dist/browser/runtime/check_key_length.mjs": "3aec7aaa6c36c0b1c984cccfd476b310c3678dd8a5b07331e292c0a005b97798",
    "https://esm.sh/jose@5.10.0/denonext/dist/browser/runtime/decrypt.mjs": "f81f1f103e787deee890cf5d97a2c91b59a03e63efaf479c7844b0c20983a454",
    "https://esm.sh/jose@5.10.0/denonext/dist/browser/runtime/digest.mjs": "b170cf6543920f6c12d147c6a8914f8e626d686226e50af820fc0effadfa413e",
    "https://esm.sh/jose@5.10.0/denonext/dist/browser/runtime/ecdhes.mjs": "5eb732da9266ebdeb62b424dd898523ddbf4c09ca6144e53cca86793e611d65b",
    "https://esm.sh/jose@5.10.0/denonext/dist/browser/runtime/encrypt.mjs": "5a8563d9813f837850edf6e814f535e36fc6373673850ec4e75221f0de3ee90e",
    "https://esm.sh/jose@5.10.0/denonext/dist/browser/runtime/generate.mjs": "b6e73ada71e897f6f189ef2e2ffa7a4a91fbaf675d6d0aa86d6121d4c68dc07a",
    "https://esm.sh/jose@5.10.0/denonext/dist/browser/runtime/get_sign_verify_key.mjs": "8e91861e258c0fdf9988b0460a113158a01294b5541c56292314e6f345caa6a6",
    "https://esm.sh/jose@5.10.0/denonext/dist/browser/runtime/is_key_like.mjs": "43e10261870d4a65beb24cb868befc0e9aaff002b9ebf90257ffdaf073c636d7",
    "https://esm.sh/jose@5.10.0/denonext/dist/browser/runtime/jwk_to_key.mjs": "46ef0a4df4d689f2065bac957dae4e6572071797675123a08749bf83992abacc",
    "https://esm.sh/jose@5.10.0/denonext/dist/browser/runtime/normalize_key.mjs": "0e915ab84055caa0f3e031f9d5a545608e22976d22b03b35485b38611a8c282e",
    "https://esm.sh/jose@5.10.0/denonext/dist/browser/runtime/pbes2kw.mjs": "d964c662b1e8cd72e143bf13fe90eb7213ce21fa7b4aadeebba8394e0ec32db8",
    "https://esm.sh/jose@5.10.0/denonext/dist/browser/runtime/random.mjs": "1fd349b6114345bbd8d67407dcb83efca1720b9b862a4e1ca232427149a167c0",
    "https://esm.sh/jose@5.10.0/denonext/dist/browser/runtime/rsaes.mjs": "12cdf94a5b92eec19456f9df4b8ef2265cad392612345c36aa28065506cb8c51",
    "https://esm.sh/jose@5.10.0/denonext/dist/browser/runtime/subtle_dsa.mjs": "04a41e3a9ac0f77c9b34b84be050ff0a27c2d768eadb30a464d57567f857cd46",
    "https://esm.sh/jose@5.10.0/denonext/dist/browser/runtime/webcrypto.mjs": "a7ca0ccea9e87fa0698d48f5a0832cb28fea137705f4c494ff3f3c83bde57cf1",
    "https://esm.sh/jose@5.10.0/denonext/errors.mjs": "10bd291dfa016ffa8a5228e18bbc0c147b24c88725061bec323d1c1498bfde3b",
    "https://esm.sh/jose@5.10.0/denonext/jose.mjs": "745abba7b218a451fb747ab7250eb67bf62c7eaa0d2ed98fc7db4320b3ac2371",
    "https://esm.sh/jose@5.10.0/denonext/jwe/compact/decrypt.mjs": "868abeef0f4bc4bf499bbb4d64febc9121bf7f9d01132df8e19b7d7d50a0af07",
    "https://esm.sh/jose@5.10.0/denonext/jwe/compact/encrypt.mjs": "f0063936a5a8f9e4c50a978ad0bb23baf842eb20dc4e4982fa5363045685871e",
    "https://esm.sh/jose@5.10.0/denonext/jwe/flattened/decrypt.mjs": "49596d5a985ab0a850eb7924f53888253669f059f4687320790cbe04641ddea8",
    "https://esm.sh/jose@5.10.0/denonext/jwe/flattened/encrypt.mjs": "b70bb208e1cefcd08758fe39af6e9bc46dd475b3182c209c084dd6fd6575819b",
    "https://esm.sh/jose@5.10.0/denonext/jwe/general/decrypt.mjs": "16d59263b205635a9063a9c6256d92373d1e32ddf632d1ccc06a1a4c0cf769f7",
    "https://esm.sh/jose@5.10.0/denonext/jwe/general/encrypt.mjs": "6acc66f0eee89603c2bb5089af9cef5f579ab38533c3e0fe49625b479736efaa",
    "https://esm.sh/jose@5.10.0/denonext/jwk/embedded.mjs": "c13d8092a672bba2ce7fcf6d94804f89ce278842f829a041a1c8eef6019bb489",
    "https://esm.sh/jose@5.10.0/denonext/jwk/thumbprint.mjs": "428799b05c6ab4455e0d34a2974be42053f3fbcee2af5a7c829dcfc4d457aab7",
    "https://esm.sh/jose@5.10.0/denonext/jwks/local.mjs": "2f1492c3761af03bae601c48494d43b481740dcb01286461a0589f0978033696",
    "https://esm.sh/jose@5.10.0/denonext/jwks/remote.mjs": "7c352605a7b5f7048f139452253ad5705db74ed7391e36bbe6be3e947b83fd83",
    "https://esm.sh/jose@5.10.0/denonext/jws/compact/sign.mjs": "4f345eac0d98cf5074193e251879b67b9c6b5d4aea6648f0e19169776f4ee59f",
    "https://esm.sh/jose@5.10.0/denonext/jws/compact/verify.mjs": "25d3749082196faefe6ca4b656b2aba0a3c030e21a6b8b06355459dc203549e7",
    "https://esm.sh/jose@5.10.0/denonext/jws/flattened/sign.mjs": "c00c6af48d50c0d6d50490ec24666bcabb85b4f2cdef1216fd2eb7c1fff2959e",
    "https://esm.sh/jose@5.10.0/denonext/jws/flattened/verify.mjs": "d5fe93eb720b2ea659be49bbf0cadcea137de0024edd5c630ab058a69691fae7",
    "https://esm.sh/jose@5.10.0/denonext/jws/general/sign.mjs": "612872a9dda21c24756b95fdfd8555cd5e7a7541e996fdfa95d0f68a3545c4d8",
    "https://esm.sh/jose@5.10.0/denonext/jws/general/verify.mjs": "fc43cdd11c19eb9e8636b3710d4728a36f82480c19b2e75bfd9a9f4c31f7d029",
    "https://esm.sh/jose@5.10.0/denonext/jwt/decode.mjs": "40b1699324c4c97c95661ae286fff14c5b18dabe6d96343b04c31456ef73026a",
    "https://esm.sh/jose@5.10.0/denonext/jwt/decrypt.mjs": "acdf2a910bb295403edc53e7fb5f098e8d8c45c59cd079082745abd9b225f22e",
    "https://esm.sh/jose@5.10.0/denonext/jwt/encrypt.mjs": "3fe7a9dde4a875028bbd72828c86a1fcf82f168a8eeee69ce1662a6b2a4ea635",
    "https://esm.sh/jose@5.10.0/denonext/jwt/sign.mjs": "490e0d0f9f16eb648362686ec477694a37065fc5c7a4c64c5b1e6ddb2e281248",
    "https://esm.sh/jose@5.10.0/denonext/jwt/unsecured.mjs": "f20d4176b9b09f31460d141899d860b0d56d5dae4429f7625b1186ea0807489b",
    "https://esm.sh/jose@5.10.0/denonext/jwt/verify.mjs": "8baef7b4f3d23422fb51192d1df07326719db00f8fc601b35463fd8515c45a3e",
    "https://esm.sh/jose@5.10.0/denonext/key/export.mjs": "817e555aa3e0f87a9d4715affd72447f93e3bb0e4c8feafc16095f826759efcd",
    "https://esm.sh/jose@5.10.0/denonext/key/generate/keypair.mjs": "5722cb2dc742d9e1f9eec179288294a13a7c26b8b273b25a3e28830c7017b687",
    "https://esm.sh/jose@5.10.0/denonext/key/generate/secret.mjs": "74453b742576819a5f5245f7fc47617b5da766a60afd9751b5b1e14a099c9fff",
    "https://esm.sh/jose@5.10.0/denonext/key/import.mjs": "e488ba70e5eee01134d352c7ba00e3eb25093252c05a63e9d6e4185b2e6836eb"
  },
  "workspace": {
    "dependencies": [
      "jsr:@npr/postgres@0.19.3"
    ],
    "packageJson": {
      "dependencies": [
        "npm:@eslint/js@^9.32.0",
        "npm:@hookform/resolvers@^3.10.0",
        "npm:@lovable.dev/cloud-auth-js@^1.1.2",
        "npm:@netlify/database@^1.1.0",
        "npm:@radix-ui/react-accordion@^1.2.11",
        "npm:@radix-ui/react-alert-dialog@^1.1.14",
        "npm:@radix-ui/react-aspect-ratio@^1.1.7",
        "npm:@radix-ui/react-avatar@^1.1.10",
        "npm:@radix-ui/react-checkbox@^1.3.2",
        "npm:@radix-ui/react-collapsible@^1.1.11",
        "npm:@radix-ui/react-context-menu@^2.2.15",
        "npm:@radix-ui/react-dialog@^1.1.14",
        "npm:@radix-ui/react-dropdown-menu@^2.1.15",
        "npm:@radix-ui/react-hover-card@^1.1.14",
        "npm:@radix-ui/react-label@^2.1.7",
        "npm:@radix-ui/react-menubar@^1.1.15",
        "npm:@radix-ui/react-navigation-menu@^1.2.13",
        "npm:@radix-ui/react-popover@^1.1.14",
        "npm:@radix-ui/react-progress@^1.1.7",
        "npm:@radix-ui/react-radio-group@^1.3.7",
        "npm:@radix-ui/react-scroll-area@^1.2.9",
        "npm:@radix-ui/react-select@^2.2.5",
        "npm:@radix-ui/react-separator@^1.1.7",
        "npm:@radix-ui/react-slider@^1.3.5",
        "npm:@radix-ui/react-slot@^1.2.3",
        "npm:@radix-ui/react-switch@^1.2.5",
        "npm:@radix-ui/react-tabs@^1.1.12",
        "npm:@radix-ui/react-toast@^1.2.14",
        "npm:@radix-ui/react-toggle-group@^1.1.10",
        "npm:@radix-ui/react-toggle@^1.1.9",
        "npm:@radix-ui/react-tooltip@^1.2.7",
        "npm:@supabase/supabase-js@^2.105.4",
        "npm:@tailwindcss/typography@~0.5.16",
        "npm:@tanstack/react-query@^5.83.0",
        "npm:@testing-library/jest-dom@^6.6.0",
        "npm:@testing-library/react@16",
        "npm:@types/node@^22.16.5",
        "npm:@types/react-dom@^18.3.7",
        "npm:@types/react-grid-layout@1.3.5",
        "npm:@types/react@^18.3.23",
        "npm:@vitejs/plugin-react-swc@^3.11.0",
        "npm:autoprefixer@^10.4.21",
        "npm:class-variance-authority@~0.7.1",
        "npm:clsx@^2.1.1",
        "npm:cmdk@^1.1.1",
        "npm:date-fns@^3.6.0",
        "npm:drizzle-kit@^1.0.0-beta.22",
        "npm:drizzle-orm@^1.0.0-beta.22",
        "npm:embla-carousel-react@^8.6.0",
        "npm:eslint-plugin-react-hooks@^5.2.0",
        "npm:eslint-plugin-react-refresh@~0.4.20",
        "npm:eslint@^9.32.0",
        "npm:globals@^15.15.0",
        "npm:input-otp@^1.4.2",
        "npm:jsdom@^20.0.3",
        "npm:lovable-tagger@^1.1.13",
        "npm:lucide-react@0.462",
        "npm:next-themes@0.3",
        "npm:postcss@^8.5.6",
        "npm:react-day-picker@^8.10.1",
        "npm:react-dom@^18.3.1",
        "npm:react-grid-layout@1.5.0",
        "npm:react-helmet-async@3",
        "npm:react-hook-form@^7.61.1",
        "npm:react-markdown@^10.1.0",
        "npm:react-resizable-panels@^2.1.9",
        "npm:react-router-dom@^6.30.1",
        "npm:react@^18.3.1",
        "npm:recharts@^2.15.4",
        "npm:sonner@^1.7.4",
        "npm:tailwind-merge@^2.6.0",
        "npm:tailwindcss-animate@^1.0.7",
        "npm:tailwindcss@^3.4.17",
        "npm:typescript-eslint@^8.38.0",
        "npm:typescript@^5.8.3",
        "npm:vaul@~0.9.9",
        "npm:vite@^5.4.19",
        "npm:vitest@^3.2.4",
        "npm:zod@^3.25.76"
      ]
    }
  }
}
